
Microsoft Visual Studio Solution File, Format Version 12.00
# Visual Studio Version 17
VisualStudioVersion = 17.7.34031.279
MinimumVisualStudioVersion = 10.0.40219.1
Project("{FAE04EC0-301F-11D3-BF4B-00C04F79EFBC}") = "Facilitat.EMAIL", "Facilitat.EMAIL\Facilitat.EMAIL.csproj", "{2616931E-9E89-4856-8454-9A9DA4D06FDC}"
EndProject
Global
	GlobalSection(SolutionConfigurationPlatforms) = preSolution
		Debug|Any CPU = Debug|Any CPU
		Release|Any CPU = Release|Any CPU
	EndGlobalSection
	GlobalSection(ProjectConfigurationPlatforms) = postSolution
		{2616931E-9E89-4856-8454-9A9DA4D06FDC}.Debug|Any CPU.ActiveCfg = Debug|Any CPU
		{2616931E-9E89-4856-8454-9A9DA4D06FDC}.Debug|Any CPU.Build.0 = Debug|Any CPU
		{2616931E-9E89-4856-8454-9A9DA4D06FDC}.Release|Any CPU.ActiveCfg = Release|Any CPU
		{2616931E-9E89-4856-8454-9A9DA4D06FDC}.Release|Any CPU.Build.0 = Release|Any CPU
	EndGlobalSection
	GlobalSection(SolutionProperties) = preSolution
		HideSolutionNode = FALSE
	EndGlobalSection
	GlobalSection(ExtensibilityGlobals) = postSolution
		SolutionGuid = {F4517BEF-2C62-4D44-8EFB-2F8541578F8A}
	EndGlobalSection
EndGlobal
